
Microsoft Visual Studio Solution File, Format Version 12.00
# Visual Studio 15
VisualStudioVersion = 15.0.26228.12
MinimumVisualStudioVersion = 10.0.40219.1
Project("{2150E333-8FDC-42A3-9474-1A3956D46DE8}") = "src", "src", "{E75C46D6-1257-461B-81D3-CB9EFD408437}"
EndProject
Project("{2150E333-8FDC-42A3-9474-1A3956D46DE8}") = "1- Presentation", "1- Presentation", "{A0A439F3-6E28-4B78-9651-155740177CD8}"
EndProject
Project("{2150E333-8FDC-42A3-9474-1A3956D46DE8}") = "3- Application", "3- Application", "{076A011C-5A83-47AC-BE8A-CDD60ADBCA7D}"
EndProject
Project("{2150E333-8FDC-42A3-9474-1A3956D46DE8}") = "2- Services", "2- Services", "{EC44399A-8D61-4EA4-83AF-81C1A5C888ED}"
EndProject
Project("{2150E333-8FDC-42A3-9474-1A3956D46DE8}") = "4- Domain", "4- Domain", "{CE1DED56-2340-4529-839D-A57664757D35}"
EndProject
Project("{2150E333-8FDC-42A3-9474-1A3956D46DE8}") = "5- Infra", "5- Infra", "{0A74B950-17DE-445C-AB2C-9F270700D084}"
EndProject
Project("{2150E333-8FDC-42A3-9474-1A3956D46DE8}") = "5.1- Data", "5.1- Data", "{3D901C3C-64FB-4562-A1A2-1B2292136BED}"
EndProject
Project("{2150E333-8FDC-42A3-9474-1A3956D46DE8}") = "5.2- CrossCutting", "5.2- CrossCutting", "{03B240DA-BA13-4F8E-8ADF-1B97379D99B9}"
EndProject
Project("{2150E333-8FDC-42A3-9474-1A3956D46DE8}") = "5.2.1- SecurityIdentity", "5.2.1- SecurityIdentity", "{95491F2B-656A-4814-8F61-8079E227B502}"
EndProject
Project("{2150E333-8FDC-42A3-9474-1A3956D46DE8}") = "5.2.2- IoC", "5.2.2- IoC", "{6275C6CD-F66B-4E5F-A3DE-6F7E1693FAAF}"
EndProject
Project("{FAE04EC0-301F-11D3-BF4B-00C04F79EFBC}") = "YanAlves.yNote.Domain", "YanAlves.yNote.Domain\YanAlves.yNote.Domain.csproj", "{C115AA13-45EE-423C-90A7-C3FD9B1B9C96}"
EndProject
Project("{FAE04EC0-301F-11D3-BF4B-00C04F79EFBC}") = "YanAlves.yNote.Presentation.WebMVC", "YanAlves.yNote.Presentation.WebMVC\YanAlves.yNote.Presentation.WebMVC.csproj", "{CFAA472E-7479-431C-A06A-A8400658FC4B}"
EndProject
Project("{FAE04EC0-301F-11D3-BF4B-00C04F79EFBC}") = "YanAlves.yNote.Application", "YanAlves.yNote.Application\YanAlves.yNote.Application.csproj", "{7C4A1AB7-2687-4CA7-B2F6-B5A86D8AA3FC}"
EndProject
Project("{FAE04EC0-301F-11D3-BF4B-00C04F79EFBC}") = "YanAlves.yNote.Infra.Data", "YanAlves.yNote.Infra.Data\YanAlves.yNote.Infra.Data.csproj", "{4838B2D3-B3BA-4D3F-B9D4-CD066C0F5FF5}"
EndProject
Project("{2150E333-8FDC-42A3-9474-1A3956D46DE8}") = "Specification", "Specification", "{59E71807-CC95-40B3-B4F1-B1C25D89414D}"
	ProjectSection(SolutionItems) = preProject
		Descrição do projeto.txt = Descrição do projeto.txt
	EndProjectSection
EndProject
Project("{FAE04EC0-301F-11D3-BF4B-00C04F79EFBC}") = "YanAlves.yNote.Infra.CrossCutting.SecurityIdentity", "YanAlves.yNote.Infra.CrossCutting.SecurityIdentity\YanAlves.yNote.Infra.CrossCutting.SecurityIdentity.csproj", "{7B13C05B-A4E1-41FB-96FE-1FCE579EB81F}"
EndProject
Project("{FAE04EC0-301F-11D3-BF4B-00C04F79EFBC}") = "YanAlves.yNote.Infra.CrossCutting.IoC", "YanAlves.yNote.Infra.CrossCutting.IoC\YanAlves.yNote.Infra.CrossCutting.IoC.csproj", "{7A11279E-4521-4F87-B641-03A7B1897012}"
EndProject
Project("{FAE04EC0-301F-11D3-BF4B-00C04F79EFBC}") = "YanAlves.yNote.Services.WebAPI", "YanAlves.yNote.Services.WebAPI\YanAlves.yNote.Services.WebAPI.csproj", "{36DC702F-F97D-4D97-880B-B036436BF123}"
EndProject
Project("{E24C65DC-7377-472B-9ABA-BC803B73C61A}") = "YanAlves.yNote.Presentation.WebSiteClient", "YanAlves.yNote.Presentation.WebSiteClient\", "{E040290A-44E7-4E38-BFB2-2799A7D7CC93}"
	ProjectSection(WebsiteProperties) = preProject
		TargetFrameworkMoniker = ".NETFramework,Version%3Dv4.0"
		Debug.AspNetCompiler.VirtualPath = "/localhost_59859"
		Debug.AspNetCompiler.PhysicalPath = "YanAlves.yNote.Presentation.WebSiteClient\"
		Debug.AspNetCompiler.TargetPath = "PrecompiledWeb\localhost_59859\"
		Debug.AspNetCompiler.Updateable = "true"
		Debug.AspNetCompiler.ForceOverwrite = "true"
		Debug.AspNetCompiler.FixedNames = "false"
		Debug.AspNetCompiler.Debug = "True"
		Release.AspNetCompiler.VirtualPath = "/localhost_59859"
		Release.AspNetCompiler.PhysicalPath = "YanAlves.yNote.Presentation.WebSiteClient\"
		Release.AspNetCompiler.TargetPath = "PrecompiledWeb\localhost_59859\"
		Release.AspNetCompiler.Updateable = "true"
		Release.AspNetCompiler.ForceOverwrite = "true"
		Release.AspNetCompiler.FixedNames = "false"
		Release.AspNetCompiler.Debug = "False"
		VWDPort = "59859"
		SlnRelativePath = "YanAlves.yNote.Presentation.WebSiteClient\"
	EndProjectSection
EndProject
Global
	GlobalSection(SolutionConfigurationPlatforms) = preSolution
		Debug|Any CPU = Debug|Any CPU
		Release|Any CPU = Release|Any CPU
	EndGlobalSection
	GlobalSection(ProjectConfigurationPlatforms) = postSolution
		{C115AA13-45EE-423C-90A7-C3FD9B1B9C96}.Debug|Any CPU.ActiveCfg = Debug|Any CPU
		{C115AA13-45EE-423C-90A7-C3FD9B1B9C96}.Debug|Any CPU.Build.0 = Debug|Any CPU
		{C115AA13-45EE-423C-90A7-C3FD9B1B9C96}.Release|Any CPU.ActiveCfg = Release|Any CPU
		{C115AA13-45EE-423C-90A7-C3FD9B1B9C96}.Release|Any CPU.Build.0 = Release|Any CPU
		{CFAA472E-7479-431C-A06A-A8400658FC4B}.Debug|Any CPU.ActiveCfg = Debug|Any CPU
		{CFAA472E-7479-431C-A06A-A8400658FC4B}.Debug|Any CPU.Build.0 = Debug|Any CPU
		{CFAA472E-7479-431C-A06A-A8400658FC4B}.Release|Any CPU.ActiveCfg = Release|Any CPU
		{CFAA472E-7479-431C-A06A-A8400658FC4B}.Release|Any CPU.Build.0 = Release|Any CPU
		{7C4A1AB7-2687-4CA7-B2F6-B5A86D8AA3FC}.Debug|Any CPU.ActiveCfg = Debug|Any CPU
		{7C4A1AB7-2687-4CA7-B2F6-B5A86D8AA3FC}.Debug|Any CPU.Build.0 = Debug|Any CPU
		{7C4A1AB7-2687-4CA7-B2F6-B5A86D8AA3FC}.Release|Any CPU.ActiveCfg = Release|Any CPU
		{7C4A1AB7-2687-4CA7-B2F6-B5A86D8AA3FC}.Release|Any CPU.Build.0 = Release|Any CPU
		{4838B2D3-B3BA-4D3F-B9D4-CD066C0F5FF5}.Debug|Any CPU.ActiveCfg = Debug|Any CPU
		{4838B2D3-B3BA-4D3F-B9D4-CD066C0F5FF5}.Debug|Any CPU.Build.0 = Debug|Any CPU
		{4838B2D3-B3BA-4D3F-B9D4-CD066C0F5FF5}.Release|Any CPU.ActiveCfg = Release|Any CPU
		{4838B2D3-B3BA-4D3F-B9D4-CD066C0F5FF5}.Release|Any CPU.Build.0 = Release|Any CPU
		{7B13C05B-A4E1-41FB-96FE-1FCE579EB81F}.Debug|Any CPU.ActiveCfg = Debug|Any CPU
		{7B13C05B-A4E1-41FB-96FE-1FCE579EB81F}.Debug|Any CPU.Build.0 = Debug|Any CPU
		{7B13C05B-A4E1-41FB-96FE-1FCE579EB81F}.Release|Any CPU.ActiveCfg = Release|Any CPU
		{7B13C05B-A4E1-41FB-96FE-1FCE579EB81F}.Release|Any CPU.Build.0 = Release|Any CPU
		{7A11279E-4521-4F87-B641-03A7B1897012}.Debug|Any CPU.ActiveCfg = Debug|Any CPU
		{7A11279E-4521-4F87-B641-03A7B1897012}.Debug|Any CPU.Build.0 = Debug|Any CPU
		{7A11279E-4521-4F87-B641-03A7B1897012}.Release|Any CPU.ActiveCfg = Release|Any CPU
		{7A11279E-4521-4F87-B641-03A7B1897012}.Release|Any CPU.Build.0 = Release|Any CPU
		{36DC702F-F97D-4D97-880B-B036436BF123}.Debug|Any CPU.ActiveCfg = Debug|Any CPU
		{36DC702F-F97D-4D97-880B-B036436BF123}.Debug|Any CPU.Build.0 = Debug|Any CPU
		{36DC702F-F97D-4D97-880B-B036436BF123}.Release|Any CPU.ActiveCfg = Release|Any CPU
		{36DC702F-F97D-4D97-880B-B036436BF123}.Release|Any CPU.Build.0 = Release|Any CPU
		{E040290A-44E7-4E38-BFB2-2799A7D7CC93}.Debug|Any CPU.ActiveCfg = Debug|Any CPU
		{E040290A-44E7-4E38-BFB2-2799A7D7CC93}.Debug|Any CPU.Build.0 = Debug|Any CPU
		{E040290A-44E7-4E38-BFB2-2799A7D7CC93}.Release|Any CPU.ActiveCfg = Debug|Any CPU
		{E040290A-44E7-4E38-BFB2-2799A7D7CC93}.Release|Any CPU.Build.0 = Debug|Any CPU
	EndGlobalSection
	GlobalSection(SolutionProperties) = preSolution
		HideSolutionNode = FALSE
	EndGlobalSection
	GlobalSection(NestedProjects) = preSolution
		{A0A439F3-6E28-4B78-9651-155740177CD8} = {E75C46D6-1257-461B-81D3-CB9EFD408437}
		{076A011C-5A83-47AC-BE8A-CDD60ADBCA7D} = {E75C46D6-1257-461B-81D3-CB9EFD408437}
		{EC44399A-8D61-4EA4-83AF-81C1A5C888ED} = {E75C46D6-1257-461B-81D3-CB9EFD408437}
		{CE1DED56-2340-4529-839D-A57664757D35} = {E75C46D6-1257-461B-81D3-CB9EFD408437}
		{0A74B950-17DE-445C-AB2C-9F270700D084} = {E75C46D6-1257-461B-81D3-CB9EFD408437}
		{3D901C3C-64FB-4562-A1A2-1B2292136BED} = {0A74B950-17DE-445C-AB2C-9F270700D084}
		{03B240DA-BA13-4F8E-8ADF-1B97379D99B9} = {0A74B950-17DE-445C-AB2C-9F270700D084}
		{95491F2B-656A-4814-8F61-8079E227B502} = {03B240DA-BA13-4F8E-8ADF-1B97379D99B9}
		{6275C6CD-F66B-4E5F-A3DE-6F7E1693FAAF} = {03B240DA-BA13-4F8E-8ADF-1B97379D99B9}
		{C115AA13-45EE-423C-90A7-C3FD9B1B9C96} = {CE1DED56-2340-4529-839D-A57664757D35}
		{CFAA472E-7479-431C-A06A-A8400658FC4B} = {A0A439F3-6E28-4B78-9651-155740177CD8}
		{7C4A1AB7-2687-4CA7-B2F6-B5A86D8AA3FC} = {076A011C-5A83-47AC-BE8A-CDD60ADBCA7D}
		{4838B2D3-B3BA-4D3F-B9D4-CD066C0F5FF5} = {3D901C3C-64FB-4562-A1A2-1B2292136BED}
		{7B13C05B-A4E1-41FB-96FE-1FCE579EB81F} = {95491F2B-656A-4814-8F61-8079E227B502}
		{7A11279E-4521-4F87-B641-03A7B1897012} = {6275C6CD-F66B-4E5F-A3DE-6F7E1693FAAF}
		{36DC702F-F97D-4D97-880B-B036436BF123} = {EC44399A-8D61-4EA4-83AF-81C1A5C888ED}
		{E040290A-44E7-4E38-BFB2-2799A7D7CC93} = {A0A439F3-6E28-4B78-9651-155740177CD8}
	EndGlobalSection
EndGlobal
