
Microsoft Visual Studio Solution File, Format Version 12.00
# Visual Studio 15
VisualStudioVersion = 15.0.26228.9
MinimumVisualStudioVersion = 10.0.40219.1
Project("{2150E333-8FDC-42A3-9474-1A3956D46DE8}") = "src", "src", "{E75C46D6-1257-461B-81D3-CB9EFD408437}"
EndProject
Project("{2150E333-8FDC-42A3-9474-1A3956D46DE8}") = "test", "test", "{64EA7C21-FF19-4329-99B7-702365B429CF}"
EndProject
Project("{2150E333-8FDC-42A3-9474-1A3956D46DE8}") = "1- Presentation", "1- Presentation", "{A0A439F3-6E28-4B78-9651-155740177CD8}"
EndProject
Project("{2150E333-8FDC-42A3-9474-1A3956D46DE8}") = "3- Application", "3- Application", "{076A011C-5A83-47AC-BE8A-CDD60ADBCA7D}"
EndProject
Project("{2150E333-8FDC-42A3-9474-1A3956D46DE8}") = "2- Services", "2- Services", "{EC44399A-8D61-4EA4-83AF-81C1A5C888ED}"
EndProject
Project("{2150E333-8FDC-42A3-9474-1A3956D46DE8}") = "4- Domain", "4- Domain", "{CE1DED56-2340-4529-839D-A57664757D35}"
EndProject
Project("{2150E333-8FDC-42A3-9474-1A3956D46DE8}") = "5- Infra", "5- Infra", "{0A74B950-17DE-445C-AB2C-9F270700D084}"
EndProject
Project("{2150E333-8FDC-42A3-9474-1A3956D46DE8}") = "5.1- Data", "5.1- Data", "{3D901C3C-64FB-4562-A1A2-1B2292136BED}"
EndProject
Project("{2150E333-8FDC-42A3-9474-1A3956D46DE8}") = "5.2- CrossCutting", "5.2- CrossCutting", "{03B240DA-BA13-4F8E-8ADF-1B97379D99B9}"
EndProject
Project("{2150E333-8FDC-42A3-9474-1A3956D46DE8}") = "5.2.1- Security", "5.2.1- Security", "{95491F2B-656A-4814-8F61-8079E227B502}"
EndProject
Project("{2150E333-8FDC-42A3-9474-1A3956D46DE8}") = "5.2.2- IoC", "5.2.2- IoC", "{6275C6CD-F66B-4E5F-A3DE-6F7E1693FAAF}"
EndProject
Project("{FAE04EC0-301F-11D3-BF4B-00C04F79EFBC}") = "YanAlves.yNote.WebMVC", "YanAlves.yNote.WebMVC\YanAlves.yNote.WebMVC.csproj", "{C7B94FB6-86B1-4753-88E3-AB37EEF77404}"
EndProject
Project("{FAE04EC0-301F-11D3-BF4B-00C04F79EFBC}") = "YanAlves.yNote.Services", "YanAlves.yNote.Services\YanAlves.yNote.Services.csproj", "{5737AB59-2AD8-410E-B301-93F864C89A7D}"
EndProject
Project("{FAE04EC0-301F-11D3-BF4B-00C04F79EFBC}") = "YanAlves.yNote.Domain", "YanAlves.yNote.Domain\YanAlves.yNote.Domain.csproj", "{C115AA13-45EE-423C-90A7-C3FD9B1B9C96}"
EndProject
Project("{FAE04EC0-301F-11D3-BF4B-00C04F79EFBC}") = "YanAlves.yNote.Data", "YanAlves.yNote.Data\YanAlves.yNote.Data.csproj", "{5858C864-E1E7-47E2-BFAC-89F3EBD1644A}"
EndProject
Project("{FAE04EC0-301F-11D3-BF4B-00C04F79EFBC}") = "YanAlves.yNote.Infra.CrossCutting.Security", "YanAlves.yNote.Security\YanAlves.yNote.Infra.CrossCutting.Security.csproj", "{5FAB6D67-A92A-43BA-A32B-B052156DF37F}"
EndProject
Project("{FAE04EC0-301F-11D3-BF4B-00C04F79EFBC}") = "YanAlves.yNote.IoC", "YanAlves.yNote.IoC\YanAlves.yNote.IoC.csproj", "{95BDCA7F-6A24-4966-B364-8CDF9748E4DC}"
EndProject
Global
	GlobalSection(SolutionConfigurationPlatforms) = preSolution
		Debug|Any CPU = Debug|Any CPU
		Release|Any CPU = Release|Any CPU
	EndGlobalSection
	GlobalSection(ProjectConfigurationPlatforms) = postSolution
		{C7B94FB6-86B1-4753-88E3-AB37EEF77404}.Debug|Any CPU.ActiveCfg = Debug|Any CPU
		{C7B94FB6-86B1-4753-88E3-AB37EEF77404}.Debug|Any CPU.Build.0 = Debug|Any CPU
		{C7B94FB6-86B1-4753-88E3-AB37EEF77404}.Release|Any CPU.ActiveCfg = Release|Any CPU
		{C7B94FB6-86B1-4753-88E3-AB37EEF77404}.Release|Any CPU.Build.0 = Release|Any CPU
		{5737AB59-2AD8-410E-B301-93F864C89A7D}.Debug|Any CPU.ActiveCfg = Debug|Any CPU
		{5737AB59-2AD8-410E-B301-93F864C89A7D}.Debug|Any CPU.Build.0 = Debug|Any CPU
		{5737AB59-2AD8-410E-B301-93F864C89A7D}.Release|Any CPU.ActiveCfg = Release|Any CPU
		{5737AB59-2AD8-410E-B301-93F864C89A7D}.Release|Any CPU.Build.0 = Release|Any CPU
		{C115AA13-45EE-423C-90A7-C3FD9B1B9C96}.Debug|Any CPU.ActiveCfg = Debug|Any CPU
		{C115AA13-45EE-423C-90A7-C3FD9B1B9C96}.Debug|Any CPU.Build.0 = Debug|Any CPU
		{C115AA13-45EE-423C-90A7-C3FD9B1B9C96}.Release|Any CPU.ActiveCfg = Release|Any CPU
		{C115AA13-45EE-423C-90A7-C3FD9B1B9C96}.Release|Any CPU.Build.0 = Release|Any CPU
		{5858C864-E1E7-47E2-BFAC-89F3EBD1644A}.Debug|Any CPU.ActiveCfg = Debug|Any CPU
		{5858C864-E1E7-47E2-BFAC-89F3EBD1644A}.Debug|Any CPU.Build.0 = Debug|Any CPU
		{5858C864-E1E7-47E2-BFAC-89F3EBD1644A}.Release|Any CPU.ActiveCfg = Release|Any CPU
		{5858C864-E1E7-47E2-BFAC-89F3EBD1644A}.Release|Any CPU.Build.0 = Release|Any CPU
		{5FAB6D67-A92A-43BA-A32B-B052156DF37F}.Debug|Any CPU.ActiveCfg = Debug|Any CPU
		{5FAB6D67-A92A-43BA-A32B-B052156DF37F}.Debug|Any CPU.Build.0 = Debug|Any CPU
		{5FAB6D67-A92A-43BA-A32B-B052156DF37F}.Release|Any CPU.ActiveCfg = Release|Any CPU
		{5FAB6D67-A92A-43BA-A32B-B052156DF37F}.Release|Any CPU.Build.0 = Release|Any CPU
		{95BDCA7F-6A24-4966-B364-8CDF9748E4DC}.Debug|Any CPU.ActiveCfg = Debug|Any CPU
		{95BDCA7F-6A24-4966-B364-8CDF9748E4DC}.Debug|Any CPU.Build.0 = Debug|Any CPU
		{95BDCA7F-6A24-4966-B364-8CDF9748E4DC}.Release|Any CPU.ActiveCfg = Release|Any CPU
		{95BDCA7F-6A24-4966-B364-8CDF9748E4DC}.Release|Any CPU.Build.0 = Release|Any CPU
	EndGlobalSection
	GlobalSection(SolutionProperties) = preSolution
		HideSolutionNode = FALSE
	EndGlobalSection
	GlobalSection(NestedProjects) = preSolution
		{A0A439F3-6E28-4B78-9651-155740177CD8} = {E75C46D6-1257-461B-81D3-CB9EFD408437}
		{076A011C-5A83-47AC-BE8A-CDD60ADBCA7D} = {E75C46D6-1257-461B-81D3-CB9EFD408437}
		{EC44399A-8D61-4EA4-83AF-81C1A5C888ED} = {E75C46D6-1257-461B-81D3-CB9EFD408437}
		{CE1DED56-2340-4529-839D-A57664757D35} = {E75C46D6-1257-461B-81D3-CB9EFD408437}
		{0A74B950-17DE-445C-AB2C-9F270700D084} = {E75C46D6-1257-461B-81D3-CB9EFD408437}
		{3D901C3C-64FB-4562-A1A2-1B2292136BED} = {0A74B950-17DE-445C-AB2C-9F270700D084}
		{03B240DA-BA13-4F8E-8ADF-1B97379D99B9} = {0A74B950-17DE-445C-AB2C-9F270700D084}
		{95491F2B-656A-4814-8F61-8079E227B502} = {03B240DA-BA13-4F8E-8ADF-1B97379D99B9}
		{6275C6CD-F66B-4E5F-A3DE-6F7E1693FAAF} = {03B240DA-BA13-4F8E-8ADF-1B97379D99B9}
		{C7B94FB6-86B1-4753-88E3-AB37EEF77404} = {A0A439F3-6E28-4B78-9651-155740177CD8}
		{5737AB59-2AD8-410E-B301-93F864C89A7D} = {EC44399A-8D61-4EA4-83AF-81C1A5C888ED}
		{C115AA13-45EE-423C-90A7-C3FD9B1B9C96} = {CE1DED56-2340-4529-839D-A57664757D35}
		{5858C864-E1E7-47E2-BFAC-89F3EBD1644A} = {3D901C3C-64FB-4562-A1A2-1B2292136BED}
		{5FAB6D67-A92A-43BA-A32B-B052156DF37F} = {95491F2B-656A-4814-8F61-8079E227B502}
		{95BDCA7F-6A24-4966-B364-8CDF9748E4DC} = {6275C6CD-F66B-4E5F-A3DE-6F7E1693FAAF}
	EndGlobalSection
EndGlobal
